
Microsoft Visual Studio Solution File, Format Version 12.00
# Visual Studio 2013
VisualStudioVersion = 12.0.21005.1
MinimumVisualStudioVersion = 10.0.40219.1
Project("{FAE04EC0-301F-11D3-BF4B-00C04F79EFBC}") = "Centerhum.SmartFood.DataLayer", "Centerhum.Smartfood.DataLayer\Centerhum.SmartFood.DataLayer.csproj", "{ED5B9E3C-FE99-48E4-807B-9563C374B5F4}"
EndProject
Project("{FAE04EC0-301F-11D3-BF4B-00C04F79EFBC}") = "Centerhum.SmartFood.Model", "Centerhum.Smartfood.Model\Centerhum.SmartFood.Model.csproj", "{49FDF10C-68BE-4859-9E6E-4030EE3BED19}"
EndProject
Project("{FAE04EC0-301F-11D3-BF4B-00C04F79EFBC}") = "Centerhum.SmartFood.DataAccess", "Centerhum.Smartfood.DataAccess\Centerhum.SmartFood.DataAccess.csproj", "{18501671-5601-40E0-A797-BA21B740788F}"
EndProject
Project("{FAE04EC0-301F-11D3-BF4B-00C04F79EFBC}") = "Centerhum.SmartFood.Api.Client", "Centerhum.SmartFood.Api.Client\Centerhum.SmartFood.Api.Client.csproj", "{DCCC0174-16CA-475E-8762-09DD28303090}"
EndProject
Project("{FAE04EC0-301F-11D3-BF4B-00C04F79EFBC}") = "Centerhum.SmartFood.Web.Admin", "Centerhum.SmartFood.Web.Admin\Centerhum.SmartFood.Web.Admin.csproj", "{1C81B1E9-431D-4FEB-8F00-BBEC05D5E9C8}"
EndProject
Project("{FAE04EC0-301F-11D3-BF4B-00C04F79EFBC}") = "Centerhum.SmartFood.HtmlObjects", "Centerhum.SmartFood.HtmlObjects\Centerhum.SmartFood.HtmlObjects.csproj", "{083C94EF-B884-4DB0-B01C-54FA95BEE85C}"
EndProject
Global
	GlobalSection(SolutionConfigurationPlatforms) = preSolution
		Debug|Any CPU = Debug|Any CPU
		Release|Any CPU = Release|Any CPU
	EndGlobalSection
	GlobalSection(ProjectConfigurationPlatforms) = postSolution
		{ED5B9E3C-FE99-48E4-807B-9563C374B5F4}.Debug|Any CPU.ActiveCfg = Debug|Any CPU
		{ED5B9E3C-FE99-48E4-807B-9563C374B5F4}.Debug|Any CPU.Build.0 = Debug|Any CPU
		{ED5B9E3C-FE99-48E4-807B-9563C374B5F4}.Release|Any CPU.ActiveCfg = Release|Any CPU
		{ED5B9E3C-FE99-48E4-807B-9563C374B5F4}.Release|Any CPU.Build.0 = Release|Any CPU
		{49FDF10C-68BE-4859-9E6E-4030EE3BED19}.Debug|Any CPU.ActiveCfg = Debug|Any CPU
		{49FDF10C-68BE-4859-9E6E-4030EE3BED19}.Debug|Any CPU.Build.0 = Debug|Any CPU
		{49FDF10C-68BE-4859-9E6E-4030EE3BED19}.Release|Any CPU.ActiveCfg = Release|Any CPU
		{49FDF10C-68BE-4859-9E6E-4030EE3BED19}.Release|Any CPU.Build.0 = Release|Any CPU
		{18501671-5601-40E0-A797-BA21B740788F}.Debug|Any CPU.ActiveCfg = Debug|Any CPU
		{18501671-5601-40E0-A797-BA21B740788F}.Debug|Any CPU.Build.0 = Debug|Any CPU
		{18501671-5601-40E0-A797-BA21B740788F}.Release|Any CPU.ActiveCfg = Release|Any CPU
		{18501671-5601-40E0-A797-BA21B740788F}.Release|Any CPU.Build.0 = Release|Any CPU
		{DCCC0174-16CA-475E-8762-09DD28303090}.Debug|Any CPU.ActiveCfg = Debug|Any CPU
		{DCCC0174-16CA-475E-8762-09DD28303090}.Debug|Any CPU.Build.0 = Debug|Any CPU
		{DCCC0174-16CA-475E-8762-09DD28303090}.Release|Any CPU.ActiveCfg = Release|Any CPU
		{DCCC0174-16CA-475E-8762-09DD28303090}.Release|Any CPU.Build.0 = Release|Any CPU
		{1C81B1E9-431D-4FEB-8F00-BBEC05D5E9C8}.Debug|Any CPU.ActiveCfg = Debug|Any CPU
		{1C81B1E9-431D-4FEB-8F00-BBEC05D5E9C8}.Debug|Any CPU.Build.0 = Debug|Any CPU
		{1C81B1E9-431D-4FEB-8F00-BBEC05D5E9C8}.Release|Any CPU.ActiveCfg = Release|Any CPU
		{1C81B1E9-431D-4FEB-8F00-BBEC05D5E9C8}.Release|Any CPU.Build.0 = Release|Any CPU
		{083C94EF-B884-4DB0-B01C-54FA95BEE85C}.Debug|Any CPU.ActiveCfg = Debug|Any CPU
		{083C94EF-B884-4DB0-B01C-54FA95BEE85C}.Debug|Any CPU.Build.0 = Debug|Any CPU
		{083C94EF-B884-4DB0-B01C-54FA95BEE85C}.Release|Any CPU.ActiveCfg = Release|Any CPU
		{083C94EF-B884-4DB0-B01C-54FA95BEE85C}.Release|Any CPU.Build.0 = Release|Any CPU
	EndGlobalSection
	GlobalSection(SolutionProperties) = preSolution
		HideSolutionNode = FALSE
	EndGlobalSection
EndGlobal
