
Microsoft Visual Studio Solution File, Format Version 12.00
# Visual Studio 2013
VisualStudioVersion = 12.0.21005.1
MinimumVisualStudioVersion = 10.0.40219.1
Project("{FAE04EC0-301F-11D3-BF4B-00C04F79EFBC}") = "Centerhum.SmartFood.Web.Api", "..\..\..\..\..\..\inetpub\wwwroot\Centerhum.SmartFood\Centerhum.SmartFood.Web.Api\Centerhum.SmartFood.Web.Api.csproj", "{80A08606-C146-4716-B595-B8D6F4D34BFD}"
EndProject
Project("{FAE04EC0-301F-11D3-BF4B-00C04F79EFBC}") = "Centerhum.SmartFood.Model", "..\..\..\..\..\..\inetpub\wwwroot\Centerhum.SmartFood\Centerhum.Smartfood.Model\Centerhum.SmartFood.Model.csproj", "{49FDF10C-68BE-4859-9E6E-4030EE3BED19}"
EndProject
Project("{FAE04EC0-301F-11D3-BF4B-00C04F79EFBC}") = "Centerhum.SmartFood.DataLayer", "..\..\..\..\..\..\inetpub\wwwroot\Centerhum.SmartFood\Centerhum.Smartfood.DataLayer\Centerhum.SmartFood.DataLayer.csproj", "{ED5B9E3C-FE99-48E4-807B-9563C374B5F4}"
EndProject
Project("{FAE04EC0-301F-11D3-BF4B-00C04F79EFBC}") = "Centerhum.SmartFood.DataAccess", "..\..\..\..\..\..\inetpub\wwwroot\Centerhum.SmartFood\Centerhum.Smartfood.DataAccess\Centerhum.SmartFood.DataAccess.csproj", "{18501671-5601-40E0-A797-BA21B740788F}"
EndProject
Global
	GlobalSection(SolutionConfigurationPlatforms) = preSolution
		Debug|Any CPU = Debug|Any CPU
		Release|Any CPU = Release|Any CPU
	EndGlobalSection
	GlobalSection(ProjectConfigurationPlatforms) = postSolution
		{80A08606-C146-4716-B595-B8D6F4D34BFD}.Debug|Any CPU.ActiveCfg = Debug|Any CPU
		{80A08606-C146-4716-B595-B8D6F4D34BFD}.Debug|Any CPU.Build.0 = Debug|Any CPU
		{80A08606-C146-4716-B595-B8D6F4D34BFD}.Release|Any CPU.ActiveCfg = Release|Any CPU
		{80A08606-C146-4716-B595-B8D6F4D34BFD}.Release|Any CPU.Build.0 = Release|Any CPU
		{49FDF10C-68BE-4859-9E6E-4030EE3BED19}.Debug|Any CPU.ActiveCfg = Debug|Any CPU
		{49FDF10C-68BE-4859-9E6E-4030EE3BED19}.Debug|Any CPU.Build.0 = Debug|Any CPU
		{49FDF10C-68BE-4859-9E6E-4030EE3BED19}.Release|Any CPU.ActiveCfg = Release|Any CPU
		{49FDF10C-68BE-4859-9E6E-4030EE3BED19}.Release|Any CPU.Build.0 = Release|Any CPU
		{ED5B9E3C-FE99-48E4-807B-9563C374B5F4}.Debug|Any CPU.ActiveCfg = Debug|Any CPU
		{ED5B9E3C-FE99-48E4-807B-9563C374B5F4}.Debug|Any CPU.Build.0 = Debug|Any CPU
		{ED5B9E3C-FE99-48E4-807B-9563C374B5F4}.Release|Any CPU.ActiveCfg = Release|Any CPU
		{ED5B9E3C-FE99-48E4-807B-9563C374B5F4}.Release|Any CPU.Build.0 = Release|Any CPU
		{18501671-5601-40E0-A797-BA21B740788F}.Debug|Any CPU.ActiveCfg = Debug|Any CPU
		{18501671-5601-40E0-A797-BA21B740788F}.Debug|Any CPU.Build.0 = Debug|Any CPU
		{18501671-5601-40E0-A797-BA21B740788F}.Release|Any CPU.ActiveCfg = Release|Any CPU
		{18501671-5601-40E0-A797-BA21B740788F}.Release|Any CPU.Build.0 = Release|Any CPU
	EndGlobalSection
	GlobalSection(SolutionProperties) = preSolution
		HideSolutionNode = FALSE
	EndGlobalSection
EndGlobal
